
Microsoft Visual Studio Solution File, Format Version 12.00
# Visual Studio Version 16
VisualStudioVersion = 16.0.31729.503
MinimumVisualStudioVersion = 10.0.40219.1
Project("{FAE04EC0-301F-11D3-BF4B-00C04F79EFBC}") = "Projekt2_Chalyi_59022", "Projekt2_Chalyi_59022.csproj", "{1BCA2184-7BC4-4BDB-BB6F-CB24B84A1CC4}"
EndProject
Global
	GlobalSection(SolutionConfigurationPlatforms) = preSolution
		Debug|Any CPU = Debug|Any CPU
		Release|Any CPU = Release|Any CPU
	EndGlobalSection
	GlobalSection(ProjectConfigurationPlatforms) = postSolution
		{1BCA2184-7BC4-4BDB-BB6F-CB24B84A1CC4}.Debug|Any CPU.ActiveCfg = Debug|Any CPU
		{1BCA2184-7BC4-4BDB-BB6F-CB24B84A1CC4}.Debug|Any CPU.Build.0 = Debug|Any CPU
		{1BCA2184-7BC4-4BDB-BB6F-CB24B84A1CC4}.Release|Any CPU.ActiveCfg = Release|Any CPU
		{1BCA2184-7BC4-4BDB-BB6F-CB24B84A1CC4}.Release|Any CPU.Build.0 = Release|Any CPU
	EndGlobalSection
	GlobalSection(SolutionProperties) = preSolution
		HideSolutionNode = FALSE
	EndGlobalSection
	GlobalSection(ExtensibilityGlobals) = postSolution
		SolutionGuid = {7997844B-2B27-48EC-8939-990020A8F6E8}
	EndGlobalSection
EndGlobal
